// !$*UTF8*$!
{
	archiveVersion = 1;
	classes = {
	};
	objectVersion = 46;
	objects = {

/* Begin PBXBuildFile section */
		0FB11F172DBFE5FFE11370C3 /* libPods-RelativeFit.a in Frameworks */ = {isa = PBXBuildFile; fileRef = 123E5EF181AF2F73AAF395A7 /* libPods-RelativeFit.a */; };
		2F1160BF1AAFD69500415967 /* main.m in Sources */ = {isa = PBXBuildFile; fileRef = 2F1160BE1AAFD69500415967 /* main.m */; };
		2F1160C21AAFD69500415967 /* FITAppDelegate.m in Sources */ = {isa = PBXBuildFile; fileRef = 2F1160C11AAFD69500415967 /* FITAppDelegate.m */; };
		2F1160CA1AAFD69500415967 /* Images.xcassets in Resources */ = {isa = PBXBuildFile; fileRef = 2F1160C91AAFD69500415967 /* Images.xcassets */; };
		2F1160CD1AAFD69500415967 /* LaunchScreen.xib in Resources */ = {isa = PBXBuildFile; fileRef = 2F1160CB1AAFD69500415967 /* LaunchScreen.xib */; };
		2F1160D91AAFD69500415967 /* RelativeFitTests.m in Sources */ = {isa = PBXBuildFile; fileRef = 2F1160D81AAFD69500415967 /* RelativeFitTests.m */; };
		2F1160E31AAFD78D00415967 /* FITDeltaViewController.xib in Resources */ = {isa = PBXBuildFile; fileRef = 2F1160E21AAFD78D00415967 /* FITDeltaViewController.xib */; };
		2F1160E61AAFDAB400415967 /* FITDeltaViewController.m in Sources */ = {isa = PBXBuildFile; fileRef = 2F1160E51AAFDAB400415967 /* FITDeltaViewController.m */; };
		2FB3AF4A1AAFED5500A1F099 /* FITPedometer.m in Sources */ = {isa = PBXBuildFile; fileRef = 2FB3AF491AAFED5500A1F099 /* FITPedometer.m */; };
		2FB3AF501AAFFE6200A1F099 /* FITPedometerData.m in Sources */ = {isa = PBXBuildFile; fileRef = 2FB3AF4F1AAFFE6200A1F099 /* FITPedometerData.m */; };
		6187D0FA1AB097890002BD41 /* NotificationCenter.framework in Frameworks */ = {isa = PBXBuildFile; fileRef = 6187D0F91AB097890002BD41 /* NotificationCenter.framework */; };
		6187D1001AB097890002BD41 /* TodayViewController.m in Sources */ = {isa = PBXBuildFile; fileRef = 6187D0FF1AB097890002BD41 /* TodayViewController.m */; };
		6187D1021AB097890002BD41 /* MainInterface.storyboard in Resources */ = {isa = PBXBuildFile; fileRef = 6187D1011AB097890002BD41 /* MainInterface.storyboard */; };
		6187D1051AB097890002BD41 /* FitToday.appex in Embed App Extensions */ = {isa = PBXBuildFile; fileRef = 6187D0F81AB097890002BD41 /* FitToday.appex */; settings = {ATTRIBUTES = (RemoveHeadersOnCopy, ); }; };
/* End PBXBuildFile section */

/* Begin PBXContainerItemProxy section */
		2F1160D31AAFD69500415967 /* PBXContainerItemProxy */ = {
			isa = PBXContainerItemProxy;
			containerPortal = 2F1160B11AAFD69400415967 /* Project object */;
			proxyType = 1;
			remoteGlobalIDString = 2F1160B81AAFD69500415967;
			remoteInfo = RelativeFit;
		};
		6187D1031AB097890002BD41 /* PBXContainerItemProxy */ = {
			isa = PBXContainerItemProxy;
			containerPortal = 2F1160B11AAFD69400415967 /* Project object */;
			proxyType = 1;
			remoteGlobalIDString = 6187D0F71AB097890002BD41;
			remoteInfo = FitToday;
		};
/* End PBXContainerItemProxy section */

/* Begin PBXCopyFilesBuildPhase section */
		6187D1091AB097890002BD41 /* Embed App Extensions */ = {
			isa = PBXCopyFilesBuildPhase;
			buildActionMask = 2147483647;
			dstPath = "";
			dstSubfolderSpec = 13;
			files = (
				6187D1051AB097890002BD41 /* FitToday.appex in Embed App Extensions */,
			);
			name = "Embed App Extensions";
			runOnlyForDeploymentPostprocessing = 0;
		};
/* End PBXCopyFilesBuildPhase section */

/* Begin PBXFileReference section */
		123E5EF181AF2F73AAF395A7 /* libPods-RelativeFit.a */ = {isa = PBXFileReference; explicitFileType = archive.ar; includeInIndex = 0; path = "libPods-RelativeFit.a"; sourceTree = BUILT_PRODUCTS_DIR; };
		2F1160B91AAFD69500415967 /* RelativeFit.app */ = {isa = PBXFileReference; explicitFileType = wrapper.application; includeInIndex = 0; path = RelativeFit.app; sourceTree = BUILT_PRODUCTS_DIR; };
		2F1160BD1AAFD69500415967 /* Info.plist */ = {isa = PBXFileReference; lastKnownFileType = text.plist.xml; path = Info.plist; sourceTree = "<group>"; };
		2F1160BE1AAFD69500415967 /* main.m */ = {isa = PBXFileReference; lastKnownFileType = sourcecode.c.objc; path = main.m; sourceTree = "<group>"; };
		2F1160C01AAFD69500415967 /* FITAppDelegate.h */ = {isa = PBXFileReference; lastKnownFileType = sourcecode.c.h; path = FITAppDelegate.h; sourceTree = "<group>"; };
		2F1160C11AAFD69500415967 /* FITAppDelegate.m */ = {isa = PBXFileReference; lastKnownFileType = sourcecode.c.objc; path = FITAppDelegate.m; sourceTree = "<group>"; };
		2F1160C91AAFD69500415967 /* Images.xcassets */ = {isa = PBXFileReference; lastKnownFileType = folder.assetcatalog; path = Images.xcassets; sourceTree = "<group>"; };
		2F1160CC1AAFD69500415967 /* Base */ = {isa = PBXFileReference; lastKnownFileType = file.xib; name = Base; path = Base.lproj/LaunchScreen.xib; sourceTree = "<group>"; };
		2F1160D21AAFD69500415967 /* RelativeFitTests.xctest */ = {isa = PBXFileReference; explicitFileType = wrapper.cfbundle; includeInIndex = 0; path = RelativeFitTests.xctest; sourceTree = BUILT_PRODUCTS_DIR; };
		2F1160D71AAFD69500415967 /* Info.plist */ = {isa = PBXFileReference; lastKnownFileType = text.plist.xml; path = Info.plist; sourceTree = "<group>"; };
		2F1160D81AAFD69500415967 /* RelativeFitTests.m */ = {isa = PBXFileReference; lastKnownFileType = sourcecode.c.objc; path = RelativeFitTests.m; sourceTree = "<group>"; };
		2F1160E21AAFD78D00415967 /* FITDeltaViewController.xib */ = {isa = PBXFileReference; fileEncoding = 4; lastKnownFileType = file.xib; path = FITDeltaViewController.xib; sourceTree = "<group>"; };
		2F1160E41AAFDAB400415967 /* FITDeltaViewController.h */ = {isa = PBXFileReference; fileEncoding = 4; lastKnownFileType = sourcecode.c.h; path = FITDeltaViewController.h; sourceTree = "<group>"; };
		2F1160E51AAFDAB400415967 /* FITDeltaViewController.m */ = {isa = PBXFileReference; fileEncoding = 4; lastKnownFileType = sourcecode.c.objc; path = FITDeltaViewController.m; sourceTree = "<group>"; };
		2FB3AF481AAFED5500A1F099 /* FITPedometer.h */ = {isa = PBXFileReference; fileEncoding = 4; lastKnownFileType = sourcecode.c.h; path = FITPedometer.h; sourceTree = "<group>"; };
		2FB3AF491AAFED5500A1F099 /* FITPedometer.m */ = {isa = PBXFileReference; fileEncoding = 4; lastKnownFileType = sourcecode.c.objc; path = FITPedometer.m; sourceTree = "<group>"; };
		2FB3AF4E1AAFFE6200A1F099 /* FITPedometerData.h */ = {isa = PBXFileReference; fileEncoding = 4; lastKnownFileType = sourcecode.c.h; path = FITPedometerData.h; sourceTree = "<group>"; };
		2FB3AF4F1AAFFE6200A1F099 /* FITPedometerData.m */ = {isa = PBXFileReference; fileEncoding = 4; lastKnownFileType = sourcecode.c.objc; path = FITPedometerData.m; sourceTree = "<group>"; };
		6187D0F81AB097890002BD41 /* FitToday.appex */ = {isa = PBXFileReference; explicitFileType = "wrapper.app-extension"; includeInIndex = 0; path = FitToday.appex; sourceTree = BUILT_PRODUCTS_DIR; };
		6187D0F91AB097890002BD41 /* NotificationCenter.framework */ = {isa = PBXFileReference; lastKnownFileType = wrapper.framework; name = NotificationCenter.framework; path = System/Library/Frameworks/NotificationCenter.framework; sourceTree = SDKROOT; };
		6187D0FD1AB097890002BD41 /* Info.plist */ = {isa = PBXFileReference; lastKnownFileType = text.plist.xml; path = Info.plist; sourceTree = "<group>"; };
		6187D0FE1AB097890002BD41 /* TodayViewController.h */ = {isa = PBXFileReference; lastKnownFileType = sourcecode.c.h; path = TodayViewController.h; sourceTree = "<group>"; };
		6187D0FF1AB097890002BD41 /* TodayViewController.m */ = {isa = PBXFileReference; lastKnownFileType = sourcecode.c.objc; path = TodayViewController.m; sourceTree = "<group>"; };
		6187D1011AB097890002BD41 /* MainInterface.storyboard */ = {isa = PBXFileReference; lastKnownFileType = file.storyboard; path = MainInterface.storyboard; sourceTree = "<group>"; };
		669C21F45674D38189E7C530 /* Pods-RelativeFit.debug.xcconfig */ = {isa = PBXFileReference; includeInIndex = 1; lastKnownFileType = text.xcconfig; name = "Pods-RelativeFit.debug.xcconfig"; path = "Pods/Target Support Files/Pods-RelativeFit/Pods-RelativeFit.debug.xcconfig"; sourceTree = "<group>"; };
		E103AA386B0A8EA187280C9B /* Pods-RelativeFit.release.xcconfig */ = {isa = PBXFileReference; includeInIndex = 1; lastKnownFileType = text.xcconfig; name = "Pods-RelativeFit.release.xcconfig"; path = "Pods/Target Support Files/Pods-RelativeFit/Pods-RelativeFit.release.xcconfig"; sourceTree = "<group>"; };
/* End PBXFileReference section */

/* Begin PBXFrameworksBuildPhase section */
		2F1160B61AAFD69500415967 /* Frameworks */ = {
			isa = PBXFrameworksBuildPhase;
			buildActionMask = 2147483647;
			files = (
				0FB11F172DBFE5FFE11370C3 /* libPods-RelativeFit.a in Frameworks */,
			);
			runOnlyForDeploymentPostprocessing = 0;
		};
		2F1160CF1AAFD69500415967 /* Frameworks */ = {
			isa = PBXFrameworksBuildPhase;
			buildActionMask = 2147483647;
			files = (
			);
			runOnlyForDeploymentPostprocessing = 0;
		};
		6187D0F51AB097890002BD41 /* Frameworks */ = {
			isa = PBXFrameworksBuildPhase;
			buildActionMask = 2147483647;
			files = (
				6187D0FA1AB097890002BD41 /* NotificationCenter.framework in Frameworks */,
			);
			runOnlyForDeploymentPostprocessing = 0;
		};
/* End PBXFrameworksBuildPhase section */

/* Begin PBXGroup section */
		2F1160B01AAFD69400415967 = {
			isa = PBXGroup;
			children = (
				2F1160BB1AAFD69500415967 /* RelativeFit */,
				2F1160D51AAFD69500415967 /* RelativeFitTests */,
				6187D0FB1AB097890002BD41 /* FitToday */,
				2F1160BA1AAFD69500415967 /* Products */,
				B96F0DF398FFAA91FC38BA65 /* Pods */,
				5E09382A3DE4AAF97E80AA68 /* Frameworks */,
			);
			sourceTree = "<group>";
		};
		2F1160BA1AAFD69500415967 /* Products */ = {
			isa = PBXGroup;
			children = (
				2F1160B91AAFD69500415967 /* RelativeFit.app */,
				2F1160D21AAFD69500415967 /* RelativeFitTests.xctest */,
				6187D0F81AB097890002BD41 /* FitToday.appex */,
			);
			name = Products;
			sourceTree = "<group>";
		};
		2F1160BB1AAFD69500415967 /* RelativeFit */ = {
			isa = PBXGroup;
			children = (
				2F1160C01AAFD69500415967 /* FITAppDelegate.h */,
				2F1160C11AAFD69500415967 /* FITAppDelegate.m */,
				2FB3AF481AAFED5500A1F099 /* FITPedometer.h */,
				2FB3AF491AAFED5500A1F099 /* FITPedometer.m */,
				2FB3AF4E1AAFFE6200A1F099 /* FITPedometerData.h */,
				2FB3AF4F1AAFFE6200A1F099 /* FITPedometerData.m */,
				2F1160E21AAFD78D00415967 /* FITDeltaViewController.xib */,
				2F1160E41AAFDAB400415967 /* FITDeltaViewController.h */,
				2F1160E51AAFDAB400415967 /* FITDeltaViewController.m */,
				2F1160C91AAFD69500415967 /* Images.xcassets */,
				2F1160CB1AAFD69500415967 /* LaunchScreen.xib */,
				2F1160BC1AAFD69500415967 /* Supporting Files */,
			);
			path = RelativeFit;
			sourceTree = "<group>";
		};
		2F1160BC1AAFD69500415967 /* Supporting Files */ = {
			isa = PBXGroup;
			children = (
				2F1160BD1AAFD69500415967 /* Info.plist */,
				2F1160BE1AAFD69500415967 /* main.m */,
			);
			name = "Supporting Files";
			sourceTree = "<group>";
		};
		2F1160D51AAFD69500415967 /* RelativeFitTests */ = {
			isa = PBXGroup;
			children = (
				2F1160D81AAFD69500415967 /* RelativeFitTests.m */,
				2F1160D61AAFD69500415967 /* Supporting Files */,
			);
			path = RelativeFitTests;
			sourceTree = "<group>";
		};
		2F1160D61AAFD69500415967 /* Supporting Files */ = {
			isa = PBXGroup;
			children = (
				2F1160D71AAFD69500415967 /* Info.plist */,
			);
			name = "Supporting Files";
			sourceTree = "<group>";
		};
		5E09382A3DE4AAF97E80AA68 /* Frameworks */ = {
			isa = PBXGroup;
			children = (
				123E5EF181AF2F73AAF395A7 /* libPods-RelativeFit.a */,
				6187D0F91AB097890002BD41 /* NotificationCenter.framework */,
			);
			name = Frameworks;
			sourceTree = "<group>";
		};
		6187D0FB1AB097890002BD41 /* FitToday */ = {
			isa = PBXGroup;
			children = (
				6187D0FE1AB097890002BD41 /* TodayViewController.h */,
				6187D0FF1AB097890002BD41 /* TodayViewController.m */,
				6187D1011AB097890002BD41 /* MainInterface.storyboard */,
				6187D0FC1AB097890002BD41 /* Supporting Files */,
			);
			path = FitToday;
			sourceTree = "<group>";
		};
		6187D0FC1AB097890002BD41 /* Supporting Files */ = {
			isa = PBXGroup;
			children = (
				6187D0FD1AB097890002BD41 /* Info.plist */,
			);
			name = "Supporting Files";
			sourceTree = "<group>";
		};
		B96F0DF398FFAA91FC38BA65 /* Pods */ = {
			isa = PBXGroup;
			children = (
				669C21F45674D38189E7C530 /* Pods-RelativeFit.debug.xcconfig */,
				E103AA386B0A8EA187280C9B /* Pods-RelativeFit.release.xcconfig */,
			);
			name = Pods;
			sourceTree = "<group>";
		};
/* End PBXGroup section */

/* Begin PBXNativeTarget section */
		2F1160B81AAFD69500415967 /* RelativeFit */ = {
			isa = PBXNativeTarget;
			buildConfigurationList = 2F1160DC1AAFD69500415967 /* Build configuration list for PBXNativeTarget "RelativeFit" */;
			buildPhases = (
				9362F7ED679261A9DF7694B8 /* Check Pods Manifest.lock */,
				2F1160B51AAFD69500415967 /* Sources */,
				2F1160B61AAFD69500415967 /* Frameworks */,
				2F1160B71AAFD69500415967 /* Resources */,
				D29C0CA2C05CF8335988688B /* Copy Pods Resources */,
				6187D1091AB097890002BD41 /* Embed App Extensions */,
			);
			buildRules = (
			);
			dependencies = (
				6187D1041AB097890002BD41 /* PBXTargetDependency */,
			);
			name = RelativeFit;
			productName = RelativeFit;
			productReference = 2F1160B91AAFD69500415967 /* RelativeFit.app */;
			productType = "com.apple.product-type.application";
		};
		2F1160D11AAFD69500415967 /* RelativeFitTests */ = {
			isa = PBXNativeTarget;
			buildConfigurationList = 2F1160DF1AAFD69500415967 /* Build configuration list for PBXNativeTarget "RelativeFitTests" */;
			buildPhases = (
				2F1160CE1AAFD69500415967 /* Sources */,
				2F1160CF1AAFD69500415967 /* Frameworks */,
				2F1160D01AAFD69500415967 /* Resources */,
			);
			buildRules = (
			);
			dependencies = (
				2F1160D41AAFD69500415967 /* PBXTargetDependency */,
			);
			name = RelativeFitTests;
			productName = RelativeFitTests;
			productReference = 2F1160D21AAFD69500415967 /* RelativeFitTests.xctest */;
			productType = "com.apple.product-type.bundle.unit-test";
		};
		6187D0F71AB097890002BD41 /* FitToday */ = {
			isa = PBXNativeTarget;
			buildConfigurationList = 6187D1081AB097890002BD41 /* Build configuration list for PBXNativeTarget "FitToday" */;
			buildPhases = (
				6187D0F41AB097890002BD41 /* Sources */,
				6187D0F51AB097890002BD41 /* Frameworks */,
				6187D0F61AB097890002BD41 /* Resources */,
			);
			buildRules = (
			);
			dependencies = (
			);
			name = FitToday;
			productName = FitToday;
			productReference = 6187D0F81AB097890002BD41 /* FitToday.appex */;
			productType = "com.apple.product-type.app-extension";
		};
/* End PBXNativeTarget section */

/* Begin PBXProject section */
		2F1160B11AAFD69400415967 /* Project object */ = {
			isa = PBXProject;
			attributes = {
				CLASSPREFIX = FIT;
				LastUpgradeCheck = 0610;
				ORGANIZATIONNAME = "Columbia University";
				TargetAttributes = {
					2F1160B81AAFD69500415967 = {
						CreatedOnToolsVersion = 6.1.1;
					};
					2F1160D11AAFD69500415967 = {
						CreatedOnToolsVersion = 6.1.1;
						TestTargetID = 2F1160B81AAFD69500415967;
					};
					6187D0F71AB097890002BD41 = {
						CreatedOnToolsVersion = 6.1.1;
					};
				};
			};
			buildConfigurationList = 2F1160B41AAFD69400415967 /* Build configuration list for PBXProject "RelativeFit" */;
			compatibilityVersion = "Xcode 3.2";
			developmentRegion = English;
			hasScannedForEncodings = 0;
			knownRegions = (
				en,
				Base,
			);
			mainGroup = 2F1160B01AAFD69400415967;
			productRefGroup = 2F1160BA1AAFD69500415967 /* Products */;
			projectDirPath = "";
			projectRoot = "";
			targets = (
				2F1160B81AAFD69500415967 /* RelativeFit */,
				2F1160D11AAFD69500415967 /* RelativeFitTests */,
				6187D0F71AB097890002BD41 /* FitToday */,
			);
		};
/* End PBXProject section */

/* Begin PBXResourcesBuildPhase section */
		2F1160B71AAFD69500415967 /* Resources */ = {
			isa = PBXResourcesBuildPhase;
			buildActionMask = 2147483647;
			files = (
				2F1160CD1AAFD69500415967 /* LaunchScreen.xib in Resources */,
				2F1160CA1AAFD69500415967 /* Images.xcassets in Resources */,
				2F1160E31AAFD78D00415967 /* FITDeltaViewController.xib in Resources */,
			);
			runOnlyForDeploymentPostprocessing = 0;
		};
		2F1160D01AAFD69500415967 /* Resources */ = {
			isa = PBXResourcesBuildPhase;
			buildActionMask = 2147483647;
			files = (
			);
			runOnlyForDeploymentPostprocessing = 0;
		};
		6187D0F61AB097890002BD41 /* Resources */ = {
			isa = PBXResourcesBuildPhase;
			buildActionMask = 2147483647;
			files = (
				6187D1021AB097890002BD41 /* MainInterface.storyboard in Resources */,
			);
			runOnlyForDeploymentPostprocessing = 0;
		};
/* End PBXResourcesBuildPhase section */

/* Begin PBXShellScriptBuildPhase section */
		9362F7ED679261A9DF7694B8 /* Check Pods Manifest.lock */ = {
			isa = PBXShellScriptBuildPhase;
			buildActionMask = 2147483647;
			files = (
			);
			inputPaths = (
			);
			name = "Check Pods Manifest.lock";
			outputPaths = (
			);
			runOnlyForDeploymentPostprocessing = 0;
			shellPath = /bin/sh;
			shellScript = "diff \"${PODS_ROOT}/../Podfile.lock\" \"${PODS_ROOT}/Manifest.lock\" > /dev/null\nif [[ $? != 0 ]] ; then\n    cat << EOM\nerror: The sandbox is not in sync with the Podfile.lock. Run 'pod install' or update your CocoaPods installation.\nEOM\n    exit 1\nfi\n";
			showEnvVarsInLog = 0;
		};
		D29C0CA2C05CF8335988688B /* Copy Pods Resources */ = {
			isa = PBXShellScriptBuildPhase;
			buildActionMask = 2147483647;
			files = (
			);
			inputPaths = (
			);
			name = "Copy Pods Resources";
			outputPaths = (
			);
			runOnlyForDeploymentPostprocessing = 0;
			shellPath = /bin/sh;
			shellScript = "\"${SRCROOT}/Pods/Target Support Files/Pods-RelativeFit/Pods-RelativeFit-resources.sh\"\n";
			showEnvVarsInLog = 0;
		};
/* End PBXShellScriptBuildPhase section */

/* Begin PBXSourcesBuildPhase section */
		2F1160B51AAFD69500415967 /* Sources */ = {
			isa = PBXSourcesBuildPhase;
			buildActionMask = 2147483647;
			files = (
				2F1160E61AAFDAB400415967 /* FITDeltaViewController.m in Sources */,
				2FB3AF501AAFFE6200A1F099 /* FITPedometerData.m in Sources */,
				2FB3AF4A1AAFED5500A1F099 /* FITPedometer.m in Sources */,
				2F1160C21AAFD69500415967 /* FITAppDelegate.m in Sources */,
				2F1160BF1AAFD69500415967 /* main.m in Sources */,
			);
			runOnlyForDeploymentPostprocessing = 0;
		};
		2F1160CE1AAFD69500415967 /* Sources */ = {
			isa = PBXSourcesBuildPhase;
			buildActionMask = 2147483647;
			files = (
				2F1160D91AAFD69500415967 /* RelativeFitTests.m in Sources */,
			);
			runOnlyForDeploymentPostprocessing = 0;
		};
		6187D0F41AB097890002BD41 /* Sources */ = {
			isa = PBXSourcesBuildPhase;
			buildActionMask = 2147483647;
			files = (
				6187D1001AB097890002BD41 /* TodayViewController.m in Sources */,
			);
			runOnlyForDeploymentPostprocessing = 0;
		};
/* End PBXSourcesBuildPhase section */

/* Begin PBXTargetDependency section */
		2F1160D41AAFD69500415967 /* PBXTargetDependency */ = {
			isa = PBXTargetDependency;
			target = 2F1160B81AAFD69500415967 /* RelativeFit */;
			targetProxy = 2F1160D31AAFD69500415967 /* PBXContainerItemProxy */;
		};
		6187D1041AB097890002BD41 /* PBXTargetDependency */ = {
			isa = PBXTargetDependency;
			target = 6187D0F71AB097890002BD41 /* FitToday */;
			targetProxy = 6187D1031AB097890002BD41 /* PBXContainerItemProxy */;
		};
/* End PBXTargetDependency section */

/* Begin PBXVariantGroup section */
		2F1160CB1AAFD69500415967 /* LaunchScreen.xib */ = {
			isa = PBXVariantGroup;
			children = (
				2F1160CC1AAFD69500415967 /* Base */,
			);
			name = LaunchScreen.xib;
			sourceTree = "<group>";
		};
/* End PBXVariantGroup section */

/* Begin XCBuildConfiguration section */
		2F1160DA1AAFD69500415967 /* Debug */ = {
			isa = XCBuildConfiguration;
			buildSettings = {
				ALWAYS_SEARCH_USER_PATHS = NO;
				CLANG_CXX_LANGUAGE_STANDARD = "gnu++0x";
				CLANG_CXX_LIBRARY = "libc++";
				CLANG_ENABLE_MODULES = YES;
				CLANG_ENABLE_OBJC_ARC = YES;
				CLANG_WARN_BOOL_CONVERSION = YES;
				CLANG_WARN_CONSTANT_CONVERSION = YES;
				CLANG_WARN_DIRECT_OBJC_ISA_USAGE = YES_ERROR;
				CLANG_WARN_EMPTY_BODY = YES;
				CLANG_WARN_ENUM_CONVERSION = YES;
				CLANG_WARN_INT_CONVERSION = YES;
				CLANG_WARN_OBJC_ROOT_CLASS = YES_ERROR;
				CLANG_WARN_UNREACHABLE_CODE = YES;
				CLANG_WARN__DUPLICATE_METHOD_MATCH = YES;
				"CODE_SIGN_IDENTITY[sdk=iphoneos*]" = "iPhone Developer";
				COPY_PHASE_STRIP = NO;
				ENABLE_STRICT_OBJC_MSGSEND = YES;
				GCC_C_LANGUAGE_STANDARD = gnu99;
				GCC_DYNAMIC_NO_PIC = NO;
				GCC_OPTIMIZATION_LEVEL = 0;
				GCC_PREPROCESSOR_DEFINITIONS = (
					"DEBUG=1",
					"$(inherited)",
				);
				GCC_SYMBOLS_PRIVATE_EXTERN = NO;
				GCC_WARN_64_TO_32_BIT_CONVERSION = YES;
				GCC_WARN_ABOUT_RETURN_TYPE = YES_ERROR;
				GCC_WARN_UNDECLARED_SELECTOR = YES;
				GCC_WARN_UNINITIALIZED_AUTOS = YES_AGGRESSIVE;
				GCC_WARN_UNUSED_FUNCTION = YES;
				GCC_WARN_UNUSED_VARIABLE = YES;
				IPHONEOS_DEPLOYMENT_TARGET = 8.1;
				MTL_ENABLE_DEBUG_INFO = YES;
				ONLY_ACTIVE_ARCH = YES;
				SDKROOT = iphoneos;
				TARGETED_DEVICE_FAMILY = "1,2";
			};
			name = Debug;
		};
		2F1160DB1AAFD69500415967 /* Release */ = {
			isa = XCBuildConfiguration;
			buildSettings = {
				ALWAYS_SEARCH_USER_PATHS = NO;
				CLANG_CXX_LANGUAGE_STANDARD = "gnu++0x";
				CLANG_CXX_LIBRARY = "libc++";
				CLANG_ENABLE_MODULES = YES;
				CLANG_ENABLE_OBJC_ARC = YES;
				CLANG_WARN_BOOL_CONVERSION = YES;
				CLANG_WARN_CONSTANT_CONVERSION = YES;
				CLANG_WARN_DIRECT_OBJC_ISA_USAGE = YES_ERROR;
				CLANG_WARN_EMPTY_BODY = YES;
				CLANG_WARN_ENUM_CONVERSION = YES;
				CLANG_WARN_INT_CONVERSION = YES;
				CLANG_WARN_OBJC_ROOT_CLASS = YES_ERROR;
				CLANG_WARN_UNREACHABLE_CODE = YES;
				CLANG_WARN__DUPLICATE_METHOD_MATCH = YES;
				"CODE_SIGN_IDENTITY[sdk=iphoneos*]" = "iPhone Developer";
				COPY_PHASE_STRIP = YES;
				ENABLE_NS_ASSERTIONS = NO;
				ENABLE_STRICT_OBJC_MSGSEND = YES;
				GCC_C_LANGUAGE_STANDARD = gnu99;
				GCC_WARN_64_TO_32_BIT_CONVERSION = YES;
				GCC_WARN_ABOUT_RETURN_TYPE = YES_ERROR;
				GCC_WARN_UNDECLARED_SELECTOR = YES;
				GCC_WARN_UNINITIALIZED_AUTOS = YES_AGGRESSIVE;
				GCC_WARN_UNUSED_FUNCTION = YES;
				GCC_WARN_UNUSED_VARIABLE = YES;
				IPHONEOS_DEPLOYMENT_TARGET = 8.1;
				MTL_ENABLE_DEBUG_INFO = NO;
				SDKROOT = iphoneos;
				TARGETED_DEVICE_FAMILY = "1,2";
				VALIDATE_PRODUCT = YES;
			};
			name = Release;
		};
		2F1160DD1AAFD69500415967 /* Debug */ = {
			isa = XCBuildConfiguration;
			baseConfigurationReference = 669C21F45674D38189E7C530 /* Pods-RelativeFit.debug.xcconfig */;
			buildSettings = {
				ASSETCATALOG_COMPILER_APPICON_NAME = AppIcon;
				GCC_GENERATE_TEST_COVERAGE_FILES = YES;
				GCC_INSTRUMENT_PROGRAM_FLOW_ARCS = YES;
				INFOPLIST_FILE = RelativeFit/Info.plist;
				IPHONEOS_DEPLOYMENT_TARGET = 8.0;
				LD_RUNPATH_SEARCH_PATHS = "$(inherited) @executable_path/Frameworks";
				PRODUCT_NAME = "$(TARGET_NAME)";
			};
			name = Debug;
		};
		2F1160DE1AAFD69500415967 /* Release */ = {
			isa = XCBuildConfiguration;
			baseConfigurationReference = E103AA386B0A8EA187280C9B /* Pods-RelativeFit.release.xcconfig */;
			buildSettings = {
				ASSETCATALOG_COMPILER_APPICON_NAME = AppIcon;
				GCC_GENERATE_TEST_COVERAGE_FILES = YES;
				GCC_INSTRUMENT_PROGRAM_FLOW_ARCS = YES;
				INFOPLIST_FILE = RelativeFit/Info.plist;
				IPHONEOS_DEPLOYMENT_TARGET = 8.0;
				LD_RUNPATH_SEARCH_PATHS = "$(inherited) @executable_path/Frameworks";
				PRODUCT_NAME = "$(TARGET_NAME)";
			};
			name = Release;
		};
		2F1160E01AAFD69500415967 /* Debug */ = {
			isa = XCBuildConfiguration;
			buildSettings = {
				BUNDLE_LOADER = "$(TEST_HOST)";
				FRAMEWORK_SEARCH_PATHS = (
					"$(SDKROOT)/Developer/Library/Frameworks",
					"$(inherited)",
				);
				GCC_PREPROCESSOR_DEFINITIONS = (
					"DEBUG=1",
					"$(inherited)",
				);
				INFOPLIST_FILE = RelativeFitTests/Info.plist;
				LD_RUNPATH_SEARCH_PATHS = "$(inherited) @executable_path/Frameworks @loader_path/Frameworks";
				PRODUCT_NAME = "$(TARGET_NAME)";
				TEST_HOST = "$(BUILT_PRODUCTS_DIR)/RelativeFit.app/RelativeFit";
			};
			name = Debug;
		};
		2F1160E11AAFD69500415967 /* Release */ = {
			isa = XCBuildConfiguration;
			buildSettings = {
				BUNDLE_LOADER = "$(TEST_HOST)";
				FRAMEWORK_SEARCH_PATHS = (
					"$(SDKROOT)/Developer/Library/Frameworks",
					"$(inherited)",
				);
				INFOPLIST_FILE = RelativeFitTests/Info.plist;
				LD_RUNPATH_SEARCH_PATHS = "$(inherited) @executable_path/Frameworks @loader_path/Frameworks";
				PRODUCT_NAME = "$(TARGET_NAME)";
				TEST_HOST = "$(BUILT_PRODUCTS_DIR)/RelativeFit.app/RelativeFit";
			};
			name = Release;
		};
/* End XCBuildConfiguration section */

/* Begin XCConfigurationList section */
		2F1160B41AAFD69400415967 /* Build configuration list for PBXProject "RelativeFit" */ = {
			isa = XCConfigurationList;
			buildConfigurations = (
				2F1160DA1AAFD69500415967 /* Debug */,
				2F1160DB1AAFD69500415967 /* Release */,
			);
			defaultConfigurationIsVisible = 0;
			defaultConfigurationName = Release;
		};
		2F1160DC1AAFD69500415967 /* Build configuration list for PBXNativeTarget "RelativeFit" */ = {
			isa = XCConfigurationList;
			buildConfigurations = (
				2F1160DD1AAFD69500415967 /* Debug */,
				2F1160DE1AAFD69500415967 /* Release */,
			);
			defaultConfigurationIsVisible = 0;
			defaultConfigurationName = Release;
		};
		2F1160DF1AAFD69500415967 /* Build configuration list for PBXNativeTarget "RelativeFitTests" */ = {
			isa = XCConfigurationList;
			buildConfigurations = (
				2F1160E01AAFD69500415967 /* Debug */,
				2F1160E11AAFD69500415967 /* Release */,
			);
			defaultConfigurationIsVisible = 0;
			defaultConfigurationName = Release;
		};
		6187D1081AB097890002BD41 /* Build configuration list for PBXNativeTarget "FitToday" */ = {
			isa = XCConfigurationList;
			buildConfigurations = (
				6187D1061AB097890002BD41 /* Debug */,
				6187D1071AB097890002BD41 /* Release */,
			);
			defaultConfigurationIsVisible = 0;
			defaultConfigurationName = Release;
		};
/* End XCConfigurationList section */
	};
	rootObject = 2F1160B11AAFD69400415967 /* Project object */;
}
